PODS:
  - Croissant (0.1.0):
    - fishhook
    - GCDWebServer (= 3.5.3)
  - fishhook (0.2)
  - GCDWebServer (3.5.3):
    - GCDWebServer/Core (= 3.5.3)
  - GCDWebServer/Core (3.5.3)

DEPENDENCIES:
  - Croissant (from `../`)

SPEC REPOS:
  https://github.com/cocoapods/specs.git:
    - fishhook
    - GCDWebServer

EXTERNAL SOURCES:
  Croissant:
    :path: "../"

SPEC CHECKSUMS:
  Croissant: 3ab67f1e8022a571cc2d3e02d8e778ff6ce18983
  fishhook: ea19933abfe8f2f52c55fd8b6e2718467d3ebc89
  GCDWebServer: c0ab22c73e1b84f358d1e2f74bf6afd1c60829f2

PODFILE CHECKSUM: 9cb0a7fe91a6cb623a0c22d66a699e34f16d554e

COCOAPODS: 1.7.5
